
Microsoft Visual Studio Solution File, Format Version 12.00
# Visual Studio 15
VisualStudioVersion = 15.0.27703.2035
MinimumVisualStudioVersion = 10.0.40219.1
Project("{FAE04EC0-301F-11D3-BF4B-00C04F79EFBC}") = "WindowsFormsApp5", "WindowsFormsApp5\WindowsFormsApp5.csproj", "{D37A000D-7C79-403C-91CA-C6DF02243786}"
EndProject
Global
	GlobalSection(SolutionConfigurationPlatforms) = preSolution
		Debug|Any CPU = Debug|Any CPU
		Release|Any CPU = Release|Any CPU
	EndGlobalSection
	GlobalSection(ProjectConfigurationPlatforms) = postSolution
		{D37A000D-7C79-403C-91CA-C6DF02243786}.Debug|Any CPU.ActiveCfg = Debug|Any CPU
		{D37A000D-7C79-403C-91CA-C6DF02243786}.Debug|Any CPU.Build.0 = Debug|Any CPU
		{D37A000D-7C79-403C-91CA-C6DF02243786}.Release|Any CPU.ActiveCfg = Release|Any CPU
		{D37A000D-7C79-403C-91CA-C6DF02243786}.Release|Any CPU.Build.0 = Release|Any CPU
	EndGlobalSection
	GlobalSection(SolutionProperties) = preSolution
		HideSolutionNode = FALSE
	EndGlobalSection
	GlobalSection(ExtensibilityGlobals) = postSolution
		SolutionGuid = {F063F082-A113-48DE-9C53-A43984D61EA5}
	EndGlobalSection
EndGlobal
